
Microsoft Visual Studio Solution File, Format Version 12.00
# Visual Studio Version 17
VisualStudioVersion = 17.3.32825.248
MinimumVisualStudioVersion = 10.0.40219.1
Project("{FAE04EC0-301F-11D3-BF4B-00C04F79EFBC}") = "ConditionalStatements", "ConditionalStatements\ConditionalStatements.csproj", "{D878CD0B-10CC-4C27-AF26-78E46C60428F}"
EndProject
Global
	GlobalSection(SolutionConfigurationPlatforms) = preSolution
		Debug|Any CPU = Debug|Any CPU
		Release|Any CPU = Release|Any CPU
	EndGlobalSection
	GlobalSection(ProjectConfigurationPlatforms) = postSolution
		{D878CD0B-10CC-4C27-AF26-78E46C60428F}.Debug|Any CPU.ActiveCfg = Debug|Any CPU
		{D878CD0B-10CC-4C27-AF26-78E46C60428F}.Debug|Any CPU.Build.0 = Debug|Any CPU
		{D878CD0B-10CC-4C27-AF26-78E46C60428F}.Release|Any CPU.ActiveCfg = Release|Any CPU
		{D878CD0B-10CC-4C27-AF26-78E46C60428F}.Release|Any CPU.Build.0 = Release|Any CPU
	EndGlobalSection
	GlobalSection(SolutionProperties) = preSolution
		HideSolutionNode = FALSE
	EndGlobalSection
	GlobalSection(ExtensibilityGlobals) = postSolution
		SolutionGuid = {D67A49D4-7F21-4A72-B9BE-72F4BB01DF8E}
	EndGlobalSection
EndGlobal
